
Microsoft Visual Studio Solution File, Format Version 12.00
# Visual Studio 15
VisualStudioVersion = 15.0.28307.539
MinimumVisualStudioVersion = 10.0.40219.1
Project("{FAE04EC0-301F-11D3-BF4B-00C04F79EFBC}") = "Yahtzee", "Yahtzee\Yahtzee.csproj", "{8B668BD9-2E3F-4A20-851B-48427159EA9E}"
EndProject
Project("{FAE04EC0-301F-11D3-BF4B-00C04F79EFBC}") = "UnitTests", "UnitTests\UnitTests.csproj", "{EA60439E-CABA-441A-AC43-AA42FED34D56}"
EndProject
Project("{00D1A9C2-B5F0-4AF3-8072-F6C62B433612}") = "YahtzeeDB", "YahtzeeDB\YahtzeeDB.sqlproj", "{AFB8C4E7-19B8-49EE-9A2A-D749214FF0D8}"
EndProject
Global
	GlobalSection(SolutionConfigurationPlatforms) = preSolution
		Debug|Any CPU = Debug|Any CPU
		Release|Any CPU = Release|Any CPU
	EndGlobalSection
	GlobalSection(ProjectConfigurationPlatforms) = postSolution
		{8B668BD9-2E3F-4A20-851B-48427159EA9E}.Debug|Any CPU.ActiveCfg = Debug|Any CPU
		{8B668BD9-2E3F-4A20-851B-48427159EA9E}.Debug|Any CPU.Build.0 = Debug|Any CPU
		{8B668BD9-2E3F-4A20-851B-48427159EA9E}.Release|Any CPU.ActiveCfg = Release|Any CPU
		{8B668BD9-2E3F-4A20-851B-48427159EA9E}.Release|Any CPU.Build.0 = Release|Any CPU
		{EA60439E-CABA-441A-AC43-AA42FED34D56}.Debug|Any CPU.ActiveCfg = Debug|Any CPU
		{EA60439E-CABA-441A-AC43-AA42FED34D56}.Debug|Any CPU.Build.0 = Debug|Any CPU
		{EA60439E-CABA-441A-AC43-AA42FED34D56}.Release|Any CPU.ActiveCfg = Release|Any CPU
		{EA60439E-CABA-441A-AC43-AA42FED34D56}.Release|Any CPU.Build.0 = Release|Any CPU
		{AFB8C4E7-19B8-49EE-9A2A-D749214FF0D8}.Debug|Any CPU.ActiveCfg = Debug|Any CPU
		{AFB8C4E7-19B8-49EE-9A2A-D749214FF0D8}.Debug|Any CPU.Build.0 = Debug|Any CPU
		{AFB8C4E7-19B8-49EE-9A2A-D749214FF0D8}.Debug|Any CPU.Deploy.0 = Debug|Any CPU
		{AFB8C4E7-19B8-49EE-9A2A-D749214FF0D8}.Release|Any CPU.ActiveCfg = Release|Any CPU
		{AFB8C4E7-19B8-49EE-9A2A-D749214FF0D8}.Release|Any CPU.Build.0 = Release|Any CPU
		{AFB8C4E7-19B8-49EE-9A2A-D749214FF0D8}.Release|Any CPU.Deploy.0 = Release|Any CPU
	EndGlobalSection
	GlobalSection(SolutionProperties) = preSolution
		HideSolutionNode = FALSE
	EndGlobalSection
	GlobalSection(ExtensibilityGlobals) = postSolution
		SolutionGuid = {695DD272-D65F-4E13-8A0F-C0978C74DF82}
	EndGlobalSection
EndGlobal
